
Microsoft Visual Studio Solution File, Format Version 12.00
# Visual Studio Version 17
VisualStudioVersion = 17.0.32112.339
MinimumVisualStudioVersion = 10.0.40219.1
Project("{888888A0-9F3D-457C-B088-3A5042F75D52}") = "DVAProject", "DVAProject\DVAProject.pyproj", "{DE3E5CE1-68B7-4905-A230-C18EA5FDFB8F}"
EndProject
Global
	GlobalSection(SolutionConfigurationPlatforms) = preSolution
		Debug|Any CPU = Debug|Any CPU
		Release|Any CPU = Release|Any CPU
	EndGlobalSection
	GlobalSection(ProjectConfigurationPlatforms) = postSolution
		{DE3E5CE1-68B7-4905-A230-C18EA5FDFB8F}.Debug|Any CPU.ActiveCfg = Debug|Any CPU
		{DE3E5CE1-68B7-4905-A230-C18EA5FDFB8F}.Debug|Any CPU.Build.0 = Debug|Any CPU
		{DE3E5CE1-68B7-4905-A230-C18EA5FDFB8F}.Release|Any CPU.ActiveCfg = Release|Any CPU
		{DE3E5CE1-68B7-4905-A230-C18EA5FDFB8F}.Release|Any CPU.Build.0 = Release|Any CPU
	EndGlobalSection
	GlobalSection(SolutionProperties) = preSolution
		HideSolutionNode = FALSE
	EndGlobalSection
	GlobalSection(ExtensibilityGlobals) = postSolution
		SolutionGuid = {703A223E-9C06-4494-8A1C-6351FC44F418}
	EndGlobalSection
EndGlobal
